
Microsoft Visual Studio Solution File, Format Version 12.00
# Visual Studio Version 17
VisualStudioVersion = 17.13.35913.81 d17.13
MinimumVisualStudioVersion = 10.0.40219.1
Project("{FAE04EC0-301F-11D3-BF4B-00C04F79EFBC}") = "RoboTupiniquim", "RoboTupiniquim\RoboTupiniquim.csproj", "{D21826DF-1477-4FEF-A6B5-6B2DCA21188E}"
EndProject
Global
	GlobalSection(SolutionConfigurationPlatforms) = preSolution
		Debug|Any CPU = Debug|Any CPU
		Release|Any CPU = Release|Any CPU
	EndGlobalSection
	GlobalSection(ProjectConfigurationPlatforms) = postSolution
		{D21826DF-1477-4FEF-A6B5-6B2DCA21188E}.Debug|Any CPU.ActiveCfg = Debug|Any CPU
		{D21826DF-1477-4FEF-A6B5-6B2DCA21188E}.Debug|Any CPU.Build.0 = Debug|Any CPU
		{D21826DF-1477-4FEF-A6B5-6B2DCA21188E}.Release|Any CPU.ActiveCfg = Release|Any CPU
		{D21826DF-1477-4FEF-A6B5-6B2DCA21188E}.Release|Any CPU.Build.0 = Release|Any CPU
	EndGlobalSection
	GlobalSection(SolutionProperties) = preSolution
		HideSolutionNode = FALSE
	EndGlobalSection
	GlobalSection(ExtensibilityGlobals) = postSolution
		SolutionGuid = {ACBA3561-797B-4BD2-84CC-9D6E1ABEA1B2}
	EndGlobalSection
EndGlobal
